// !$*UTF8*$!
{
	archiveVersion = 1;
	classes = {
	};
	objectVersion = 56;
	objects = {

/* Begin PBXBuildFile section */
		C741E6C82BD11C84004DD4AD /* WeatherDemoApp.swift in Sources */ = {isa = PBXBuildFile; fileRef = C741E6C72BD11C84004DD4AD /* WeatherDemoApp.swift */; };
		C741E6CA2BD11C84004DD4AD /* ContentView.swift in Sources */ = {isa = PBXBuildFile; fileRef = C741E6C92BD11C84004DD4AD /* ContentView.swift */; };
		C741E6CC2BD11C86004DD4AD /* Assets.xcassets in Resources */ = {isa = PBXBuildFile; fileRef = C741E6CB2BD11C86004DD4AD /* Assets.xcassets */; };
		C741E6CF2BD11C86004DD4AD /* Preview Assets.xcassets in Resources */ = {isa = PBXBuildFile; fileRef = C741E6CE2BD11C86004DD4AD /* Preview Assets.xcassets */; };
		C741E6D72BD11E73004DD4AD /*  LocationManager.swift in Sources */ = {isa = PBXBuildFile; fileRef = C741E6D62BD11E73004DD4AD /*  LocationManager.swift */; };
		C741E6DA2BD12123004DD4AD /* WelcomeView.swift in Sources */ = {isa = PBXBuildFile; fileRef = C741E6D92BD12123004DD4AD /* WelcomeView.swift */; };
		C741E6DC2BD12679004DD4AD /* LoadingView.swift in Sources */ = {isa = PBXBuildFile; fileRef = C741E6DB2BD12679004DD4AD /* LoadingView.swift */; };
		C741E6DE2BD12848004DD4AD /* WeatherManager.swift in Sources */ = {isa = PBXBuildFile; fileRef = C741E6DD2BD12848004DD4AD /* WeatherManager.swift */; };
		C741E6E02BD1366C004DD4AD /* WeatherView.swift in Sources */ = {isa = PBXBuildFile; fileRef = C741E6DF2BD1366C004DD4AD /* WeatherView.swift */; };
		C741E6E22BD136B7004DD4AD /* ModelData.swift in Sources */ = {isa = PBXBuildFile; fileRef = C741E6E12BD136B7004DD4AD /* ModelData.swift */; };
		C741E6E42BD138B0004DD4AD /* weatherData.json in Resources */ = {isa = PBXBuildFile; fileRef = C741E6E32BD138B0004DD4AD /* weatherData.json */; };
		C741E6E62BD13A8C004DD4AD /* Extensions.swift in Sources */ = {isa = PBXBuildFile; fileRef = C741E6E52BD13A8C004DD4AD /* Extensions.swift */; };
		C741E6E92BD14717004DD4AD /* WeatherRow.swift in Sources */ = {isa = PBXBuildFile; fileRef = C741E6E82BD14717004DD4AD /* WeatherRow.swift */; };
/* End PBXBuildFile section */

/* Begin PBXFileReference section */
		C741E6C42BD11C84004DD4AD /* WeatherDemo.app */ = {isa = PBXFileReference; explicitFileType = wrapper.application; includeInIndex = 0; path = WeatherDemo.app; sourceTree = BUILT_PRODUCTS_DIR; };
		C741E6C72BD11C84004DD4AD /* WeatherDemoApp.swift */ = {isa = PBXFileReference; lastKnownFileType = sourcecode.swift; path = WeatherDemoApp.swift; sourceTree = "<group>"; };
		C741E6C92BD11C84004DD4AD /* ContentView.swift */ = {isa = PBXFileReference; lastKnownFileType = sourcecode.swift; path = ContentView.swift; sourceTree = "<group>"; };
		C741E6CB2BD11C86004DD4AD /* Assets.xcassets */ = {isa = PBXFileReference; lastKnownFileType = folder.assetcatalog; path = Assets.xcassets; sourceTree = "<group>"; };
		C741E6CE2BD11C86004DD4AD /* Preview Assets.xcassets */ = {isa = PBXFileReference; lastKnownFileType = folder.assetcatalog; path = "Preview Assets.xcassets"; sourceTree = "<group>"; };
		C741E6D62BD11E73004DD4AD /*  LocationManager.swift */ = {isa = PBXFileReference; lastKnownFileType = sourcecode.swift; path = " LocationManager.swift"; sourceTree = "<group>"; };
		C741E6D92BD12123004DD4AD /* WelcomeView.swift */ = {isa = PBXFileReference; lastKnownFileType = sourcecode.swift; path = WelcomeView.swift; sourceTree = "<group>"; };
		C741E6DB2BD12679004DD4AD /* LoadingView.swift */ = {isa = PBXFileReference; lastKnownFileType = sourcecode.swift; path = LoadingView.swift; sourceTree = "<group>"; };
		C741E6DD2BD12848004DD4AD /* WeatherManager.swift */ = {isa = PBXFileReference; lastKnownFileType = sourcecode.swift; path = WeatherManager.swift; sourceTree = "<group>"; };
		C741E6DF2BD1366C004DD4AD /* WeatherView.swift */ = {isa = PBXFileReference; lastKnownFileType = sourcecode.swift; path = WeatherView.swift; sourceTree = "<group>"; };
		C741E6E12BD136B7004DD4AD /* ModelData.swift */ = {isa = PBXFileReference; lastKnownFileType = sourcecode.swift; path = ModelData.swift; sourceTree = "<group>"; };
		C741E6E32BD138B0004DD4AD /* weatherData.json */ = {isa = PBXFileReference; lastKnownFileType = text.json; path = weatherData.json; sourceTree = "<group>"; };
		C741E6E52BD13A8C004DD4AD /* Extensions.swift */ = {isa = PBXFileReference; lastKnownFileType = sourcecode.swift; path = Extensions.swift; sourceTree = "<group>"; };
		C741E6E82BD14717004DD4AD /* WeatherRow.swift */ = {isa = PBXFileReference; lastKnownFileType = sourcecode.swift; path = WeatherRow.swift; sourceTree = "<group>"; };
/* End PBXFileReference section */

/* Begin PBXFrameworksBuildPhase section */
		C741E6C12BD11C84004DD4AD /* Frameworks */ = {
			isa = PBXFrameworksBuildPhase;
			buildActionMask = 2147483647;
			files = (
			);
			runOnlyForDeploymentPostprocessing = 0;
		};
/* End PBXFrameworksBuildPhase section */

/* Begin PBXGroup section */
		C741E6BB2BD11C84004DD4AD = {
			isa = PBXGroup;
			children = (
				C741E6C62BD11C84004DD4AD /* WeatherDemo */,
				C741E6C52BD11C84004DD4AD /* Products */,
			);
			sourceTree = "<group>";
		};
		C741E6C52BD11C84004DD4AD /* Products */ = {
			isa = PBXGroup;
			children = (
				C741E6C42BD11C84004DD4AD /* WeatherDemo.app */,
			);
			name = Products;
			sourceTree = "<group>";
		};
		C741E6C62BD11C84004DD4AD /* WeatherDemo */ = {
			isa = PBXGroup;
			children = (
				C741E6E72BD146B6004DD4AD /* Components */,
				C741E6D82BD120AC004DD4AD /* Views */,
				C741E6D52BD11E49004DD4AD /* Managers */,
				C741E6C72BD11C84004DD4AD /* WeatherDemoApp.swift */,
				C741E6CB2BD11C86004DD4AD /* Assets.xcassets */,
				C741E6CD2BD11C86004DD4AD /* Preview Content */,
				C741E6E52BD13A8C004DD4AD /* Extensions.swift */,
			);
			path = WeatherDemo;
			sourceTree = "<group>";
		};
		C741E6CD2BD11C86004DD4AD /* Preview Content */ = {
			isa = PBXGroup;
			children = (
				C741E6CE2BD11C86004DD4AD /* Preview Assets.xcassets */,
				C741E6E12BD136B7004DD4AD /* ModelData.swift */,
				C741E6E32BD138B0004DD4AD /* weatherData.json */,
			);
			path = "Preview Content";
			sourceTree = "<group>";
		};
		C741E6D52BD11E49004DD4AD /* Managers */ = {
			isa = PBXGroup;
			children = (
				C741E6D62BD11E73004DD4AD /*  LocationManager.swift */,
				C741E6DD2BD12848004DD4AD /* WeatherManager.swift */,
			);
			path = Managers;
			sourceTree = "<group>";
		};
		C741E6D82BD120AC004DD4AD /* Views */ = {
			isa = PBXGroup;
			children = (
				C741E6C92BD11C84004DD4AD /* ContentView.swift */,
				C741E6D92BD12123004DD4AD /* WelcomeView.swift */,
				C741E6DB2BD12679004DD4AD /* LoadingView.swift */,
				C741E6DF2BD1366C004DD4AD /* WeatherView.swift */,
			);
			path = Views;
			sourceTree = "<group>";
		};
		C741E6E72BD146B6004DD4AD /* Components */ = {
			isa = PBXGroup;
			children = (
				C741E6E82BD14717004DD4AD /* WeatherRow.swift */,
			);
			path = Components;
			sourceTree = "<group>";
		};
/* End PBXGroup section */

/* Begin PBXNativeTarget section */
		C741E6C32BD11C84004DD4AD /* WeatherDemo */ = {
			isa = PBXNativeTarget;
			buildConfigurationList = C741E6D22BD11C86004DD4AD /* Build configuration list for PBXNativeTarget "WeatherDemo" */;
			buildPhases = (
				C741E6C02BD11C84004DD4AD /* Sources */,
				C741E6C12BD11C84004DD4AD /* Frameworks */,
				C741E6C22BD11C84004DD4AD /* Resources */,
			);
			buildRules = (
			);
			dependencies = (
			);
			name = WeatherDemo;
			productName = WeatherDemo;
			productReference = C741E6C42BD11C84004DD4AD /* WeatherDemo.app */;
			productType = "com.apple.product-type.application";
		};
/* End PBXNativeTarget section */

/* Begin PBXProject section */
		C741E6BC2BD11C84004DD4AD /* Project object */ = {
			isa = PBXProject;
			attributes = {
				BuildIndependentTargetsInParallel = 1;
				LastSwiftUpdateCheck = 1520;
				LastUpgradeCheck = 1520;
				TargetAttributes = {
					C741E6C32BD11C84004DD4AD = {
						CreatedOnToolsVersion = 15.2;
					};
				};
			};
			buildConfigurationList = C741E6BF2BD11C84004DD4AD /* Build configuration list for PBXProject "WeatherDemo" */;
			compatibilityVersion = "Xcode 14.0";
			developmentRegion = en;
			hasScannedForEncodings = 0;
			knownRegions = (
				en,
				Base,
			);
			mainGroup = C741E6BB2BD11C84004DD4AD;
			productRefGroup = C741E6C52BD11C84004DD4AD /* Products */;
			projectDirPath = "";
			projectRoot = "";
			targets = (
				C741E6C32BD11C84004DD4AD /* WeatherDemo */,
			);
		};
/* End PBXProject section */

/* Begin PBXResourcesBuildPhase section */
		C741E6C22BD11C84004DD4AD /* Resources */ = {
			isa = PBXResourcesBuildPhase;
			buildActionMask = 2147483647;
			files = (
				C741E6CF2BD11C86004DD4AD /* Preview Assets.xcassets in Resources */,
				C741E6E42BD138B0004DD4AD /* weatherData.json in Resources */,
				C741E6CC2BD11C86004DD4AD /* Assets.xcassets in Resources */,
			);
			runOnlyForDeploymentPostprocessing = 0;
		};
/* End PBXResourcesBuildPhase section */

/* Begin PBXSourcesBuildPhase section */
		C741E6C02BD11C84004DD4AD /* Sources */ = {
			isa = PBXSourcesBuildPhase;
			buildActionMask = 2147483647;
			files = (
				C741E6DE2BD12848004DD4AD /* WeatherManager.swift in Sources */,
				C741E6E62BD13A8C004DD4AD /* Extensions.swift in Sources */,
				C741E6CA2BD11C84004DD4AD /* ContentView.swift in Sources */,
				C741E6D72BD11E73004DD4AD /*  LocationManager.swift in Sources */,
				C741E6C82BD11C84004DD4AD /* WeatherDemoApp.swift in Sources */,
				C741E6E92BD14717004DD4AD /* WeatherRow.swift in Sources */,
				C741E6DC2BD12679004DD4AD /* LoadingView.swift in Sources */,
				C741E6E22BD136B7004DD4AD /* ModelData.swift in Sources */,
				C741E6E02BD1366C004DD4AD /* WeatherView.swift in Sources */,
				C741E6DA2BD12123004DD4AD /* WelcomeView.swift in Sources */,
			);
			runOnlyForDeploymentPostprocessing = 0;
		};
/* End PBXSourcesBuildPhase section */

/* Begin XCBuildConfiguration section */
		C741E6D02BD11C86004DD4AD /* Debug */ = {
			isa = XCBuildConfiguration;
			buildSettings = {
				ALWAYS_SEARCH_USER_PATHS = NO;
				ASSETCATALOG_COMPILER_GENERATE_SWIFT_ASSET_SYMBOL_EXTENSIONS = YES;
				CLANG_ANALYZER_NONNULL = YES;
				CLANG_ANALYZER_NUMBER_OBJECT_CONVERSION = YES_AGGRESSIVE;
				CLANG_CXX_LANGUAGE_STANDARD = "gnu++20";
				CLANG_ENABLE_MODULES = YES;
				CLANG_ENABLE_OBJC_ARC = YES;
				CLANG_ENABLE_OBJC_WEAK = YES;
				CLANG_WARN_BLOCK_CAPTURE_AUTORELEASING = YES;
				CLANG_WARN_BOOL_CONVERSION = YES;
				CLANG_WARN_COMMA = YES;
				CLANG_WARN_CONSTANT_CONVERSION = YES;
				CLANG_WARN_DEPRECATED_OBJC_IMPLEMENTATIONS = YES;
				CLANG_WARN_DIRECT_OBJC_ISA_USAGE = YES_ERROR;
				CLANG_WARN_DOCUMENTATION_COMMENTS = YES;
				CLANG_WARN_EMPTY_BODY = YES;
				CLANG_WARN_ENUM_CONVERSION = YES;
				CLANG_WARN_INFINITE_RECURSION = YES;
				CLANG_WARN_INT_CONVERSION = YES;
				CLANG_WARN_NON_LITERAL_NULL_CONVERSION = YES;
				CLANG_WARN_OBJC_IMPLICIT_RETAIN_SELF = YES;
				CLANG_WARN_OBJC_LITERAL_CONVERSION = YES;
				CLANG_WARN_OBJC_ROOT_CLASS = YES_ERROR;
				CLANG_WARN_QUOTED_INCLUDE_IN_FRAMEWORK_HEADER = YES;
				CLANG_WARN_RANGE_LOOP_ANALYSIS = YES;
				CLANG_WARN_STRICT_PROTOTYPES = YES;
				CLANG_WARN_SUSPICIOUS_MOVE = YES;
				CLANG_WARN_UNGUARDED_AVAILABILITY = YES_AGGRESSIVE;
				CLANG_WARN_UNREACHABLE_CODE = YES;
				CLANG_WARN__DUPLICATE_METHOD_MATCH = YES;
				COPY_PHASE_STRIP = NO;
				DEBUG_INFORMATION_FORMAT = dwarf;
				ENABLE_STRICT_OBJC_MSGSEND = YES;
				ENABLE_TESTABILITY = YES;
				ENABLE_USER_SCRIPT_SANDBOXING = YES;
				GCC_C_LANGUAGE_STANDARD = gnu17;
				GCC_DYNAMIC_NO_PIC = NO;
				GCC_NO_COMMON_BLOCKS = YES;
				GCC_OPTIMIZATION_LEVEL = 0;
				GCC_PREPROCESSOR_DEFINITIONS = (
					"DEBUG=1",
					"$(inherited)",
				);
				GCC_WARN_64_TO_32_BIT_CONVERSION = YES;
				GCC_WARN_ABOUT_RETURN_TYPE = YES_ERROR;
				GCC_WARN_UNDECLARED_SELECTOR = YES;
				GCC_WARN_UNINITIALIZED_AUTOS = YES_AGGRESSIVE;
				GCC_WARN_UNUSED_FUNCTION = YES;
				GCC_WARN_UNUSED_VARIABLE = YES;
				IPHONEOS_DEPLOYMENT_TARGET = 17.2;
				LOCALIZATION_PREFERS_STRING_CATALOGS = YES;
				MTL_ENABLE_DEBUG_INFO = INCLUDE_SOURCE;
				MTL_FAST_MATH = YES;
				ONLY_ACTIVE_ARCH = YES;
				SDKROOT = iphoneos;
				SWIFT_ACTIVE_COMPILATION_CONDITIONS = "DEBUG $(inherited)";
				SWIFT_OPTIMIZATION_LEVEL = "-Onone";
			};
			name = Debug;
		};
		C741E6D12BD11C86004DD4AD /* Release */ = {
			isa = XCBuildConfiguration;
			buildSettings = {
				ALWAYS_SEARCH_USER_PATHS = NO;
				ASSETCATALOG_COMPILER_GENERATE_SWIFT_ASSET_SYMBOL_EXTENSIONS = YES;
				CLANG_ANALYZER_NONNULL = YES;
				CLANG_ANALYZER_NUMBER_OBJECT_CONVERSION = YES_AGGRESSIVE;
				CLANG_CXX_LANGUAGE_STANDARD = "gnu++20";
				CLANG_ENABLE_MODULES = YES;
				CLANG_ENABLE_OBJC_ARC = YES;
				CLANG_ENABLE_OBJC_WEAK = YES;
				CLANG_WARN_BLOCK_CAPTURE_AUTORELEASING = YES;
				CLANG_WARN_BOOL_CONVERSION = YES;
				CLANG_WARN_COMMA = YES;
				CLANG_WARN_CONSTANT_CONVERSION = YES;
				CLANG_WARN_DEPRECATED_OBJC_IMPLEMENTATIONS = YES;
				CLANG_WARN_DIRECT_OBJC_ISA_USAGE = YES_ERROR;
				CLANG_WARN_DOCUMENTATION_COMMENTS = YES;
				CLANG_WARN_EMPTY_BODY = YES;
				CLANG_WARN_ENUM_CONVERSION = YES;
				CLANG_WARN_INFINITE_RECURSION = YES;
				CLANG_WARN_INT_CONVERSION = YES;
				CLANG_WARN_NON_LITERAL_NULL_CONVERSION = YES;
				CLANG_WARN_OBJC_IMPLICIT_RETAIN_SELF = YES;
				CLANG_WARN_OBJC_LITERAL_CONVERSION = YES;
				CLANG_WARN_OBJC_ROOT_CLASS = YES_ERROR;
				CLANG_WARN_QUOTED_INCLUDE_IN_FRAMEWORK_HEADER = YES;
				CLANG_WARN_RANGE_LOOP_ANALYSIS = YES;
				CLANG_WARN_STRICT_PROTOTYPES = YES;
				CLANG_WARN_SUSPICIOUS_MOVE = YES;
				CLANG_WARN_UNGUARDED_AVAILABILITY = YES_AGGRESSIVE;
				CLANG_WARN_UNREACHABLE_CODE = YES;
				CLANG_WARN__DUPLICATE_METHOD_MATCH = YES;
				COPY_PHASE_STRIP = NO;
				DEBUG_INFORMATION_FORMAT = "dwarf-with-dsym";
				ENABLE_NS_ASSERTIONS = NO;
				ENABLE_STRICT_OBJC_MSGSEND = YES;
				ENABLE_USER_SCRIPT_SANDBOXING = YES;
				GCC_C_LANGUAGE_STANDARD = gnu17;
				GCC_NO_COMMON_BLOCKS = YES;
				GCC_WARN_64_TO_32_BIT_CONVERSION = YES;
				GCC_WARN_ABOUT_RETURN_TYPE = YES_ERROR;
				GCC_WARN_UNDECLARED_SELECTOR = YES;
				GCC_WARN_UNINITIALIZED_AUTOS = YES_AGGRESSIVE;
				GCC_WARN_UNUSED_FUNCTION = YES;
				GCC_WARN_UNUSED_VARIABLE = YES;
				IPHONEOS_DEPLOYMENT_TARGET = 17.2;
				LOCALIZATION_PREFERS_STRING_CATALOGS = YES;
				MTL_ENABLE_DEBUG_INFO = NO;
				MTL_FAST_MATH = YES;
				SDKROOT = iphoneos;
				SWIFT_COMPILATION_MODE = wholemodule;
				VALIDATE_PRODUCT = YES;
			};
			name = Release;
		};
		C741E6D32BD11C86004DD4AD /* Debug */ = {
			isa = XCBuildConfiguration;
			buildSettings = {
				ASSETCATALOG_COMPILER_APPICON_NAME = AppIcon;
				ASSETCATALOG_COMPILER_GLOBAL_ACCENT_COLOR_NAME = AccentColor;
				CODE_SIGN_STYLE = Automatic;
				CURRENT_PROJECT_VERSION = 1;
				DEVELOPMENT_ASSET_PATHS = "\"WeatherDemo/Preview Content\"";
				ENABLE_PREVIEWS = YES;
				GENERATE_INFOPLIST_FILE = YES;
				INFOPLIST_KEY_UIApplicationSceneManifest_Generation = YES;
				INFOPLIST_KEY_UIApplicationSupportsIndirectInputEvents = YES;
				INFOPLIST_KEY_UILaunchScreen_Generation = YES;
				INFOPLIST_KEY_UISupportedInterfaceOrientations_iPad = "UIInterfaceOrientationPortrait UIInterfaceOrientationPortraitUpsideDown UIInterfaceOrientationLandscapeLeft UIInterfaceOrientationLandscapeRight";
				INFOPLIST_KEY_UISupportedInterfaceOrientations_iPhone = "UIInterfaceOrientationPortrait UIInterfaceOrientationLandscapeLeft UIInterfaceOrientationLandscapeRight";
				LD_RUNPATH_SEARCH_PATHS = (
					"$(inherited)",
					"@executable_path/Frameworks",
				);
				MARKETING_VERSION = 1.0;
				PRODUCT_BUNDLE_IDENTIFIER = io.india.WeatherDemo;
				PRODUCT_NAME = "$(TARGET_NAME)";
				SWIFT_EMIT_LOC_STRINGS = YES;
				SWIFT_VERSION = 5.0;
				TARGETED_DEVICE_FAMILY = "1,2";
			};
			name = Debug;
		};
		C741E6D42BD11C86004DD4AD /* Release */ = {
			isa = XCBuildConfiguration;
			buildSettings = {
				ASSETCATALOG_COMPILER_APPICON_NAME = AppIcon;
				ASSETCATALOG_COMPILER_GLOBAL_ACCENT_COLOR_NAME = AccentColor;
				CODE_SIGN_STYLE = Automatic;
				CURRENT_PROJECT_VERSION = 1;
				DEVELOPMENT_ASSET_PATHS = "\"WeatherDemo/Preview Content\"";
				ENABLE_PREVIEWS = YES;
				GENERATE_INFOPLIST_FILE = YES;
				INFOPLIST_KEY_UIApplicationSceneManifest_Generation = YES;
				INFOPLIST_KEY_UIApplicationSupportsIndirectInputEvents = YES;
				INFOPLIST_KEY_UILaunchScreen_Generation = YES;
				INFOPLIST_KEY_UISupportedInterfaceOrientations_iPad = "UIInterfaceOrientationPortrait UIInterfaceOrientationPortraitUpsideDown UIInterfaceOrientationLandscapeLeft UIInterfaceOrientationLandscapeRight";
				INFOPLIST_KEY_UISupportedInterfaceOrientations_iPhone = "UIInterfaceOrientationPortrait UIInterfaceOrientationLandscapeLeft UIInterfaceOrientationLandscapeRight";
				LD_RUNPATH_SEARCH_PATHS = (
					"$(inherited)",
					"@executable_path/Frameworks",
				);
				MARKETING_VERSION = 1.0;
				PRODUCT_BUNDLE_IDENTIFIER = io.india.WeatherDemo;
				PRODUCT_NAME = "$(TARGET_NAME)";
				SWIFT_EMIT_LOC_STRINGS = YES;
				SWIFT_VERSION = 5.0;
				TARGETED_DEVICE_FAMILY = "1,2";
			};
			name = Release;
		};
/* End XCBuildConfiguration section */

/* Begin XCConfigurationList section */
		C741E6BF2BD11C84004DD4AD /* Build configuration list for PBXProject "WeatherDemo" */ = {
			isa = XCConfigurationList;
			buildConfigurations = (
				C741E6D02BD11C86004DD4AD /* Debug */,
				C741E6D12BD11C86004DD4AD /* Release */,
			);
			defaultConfigurationIsVisible = 0;
			defaultConfigurationName = Release;
		};
		C741E6D22BD11C86004DD4AD /* Build configuration list for PBXNativeTarget "WeatherDemo" */ = {
			isa = XCConfigurationList;
			buildConfigurations = (
				C741E6D32BD11C86004DD4AD /* Debug */,
				C741E6D42BD11C86004DD4AD /* Release */,
			);
			defaultConfigurationIsVisible = 0;
			defaultConfigurationName = Release;
		};
/* End XCConfigurationList section */
	};
	rootObject = C741E6BC2BD11C84004DD4AD /* Project object */;
}
